
Microsoft Visual Studio Solution File, Format Version 12.00
# Visual Studio Version 16
VisualStudioVersion = 16.0.31515.178
MinimumVisualStudioVersion = 10.0.40219.1
Project("{FAE04EC0-301F-11D3-BF4B-00C04F79EFBC}") = "RFID-reader", "RFID-reader\RFID-reader.csproj", "{7FFDE28C-726A-4285-8177-7535263FED09}"
EndProject
Global
	GlobalSection(SolutionConfigurationPlatforms) = preSolution
		Debug|Any CPU = Debug|Any CPU
		Release|Any CPU = Release|Any CPU
	EndGlobalSection
	GlobalSection(ProjectConfigurationPlatforms) = postSolution
		{7FFDE28C-726A-4285-8177-7535263FED09}.Debug|Any CPU.ActiveCfg = Debug|Any CPU
		{7FFDE28C-726A-4285-8177-7535263FED09}.Debug|Any CPU.Build.0 = Debug|Any CPU
		{7FFDE28C-726A-4285-8177-7535263FED09}.Release|Any CPU.ActiveCfg = Release|Any CPU
		{7FFDE28C-726A-4285-8177-7535263FED09}.Release|Any CPU.Build.0 = Release|Any CPU
	EndGlobalSection
	GlobalSection(SolutionProperties) = preSolution
		HideSolutionNode = FALSE
	EndGlobalSection
	GlobalSection(ExtensibilityGlobals) = postSolution
		SolutionGuid = {35D18260-83AE-42F6-94F1-546E3C0186B3}
	EndGlobalSection
EndGlobal
